
Microsoft Visual Studio Solution File, Format Version 12.00
# Visual Studio Version 16
VisualStudioVersion = 16.0.31019.35
MinimumVisualStudioVersion = 10.0.40219.1
Project("{9A19103F-16F7-4668-BE54-9A1E7A4F7556}") = "BotanicaStoreBack", "BotanicaStoreBack\BotanicaStoreBack.csproj", "{DD596FF2-BDAB-42EE-9622-1EDE6CAAD7AA}"
EndProject
Project("{FAE04EC0-301F-11D3-BF4B-00C04F79EFBC}") = "BotanicaStoreBack.Img", "BotanicaStoreBack.Img\BotanicaStoreBack.Img.csproj", "{799227D0-E36D-4C6F-9CB9-91E4A0AFE7F8}"
EndProject
Global
	GlobalSection(SolutionConfigurationPlatforms) = preSolution
		Debug|Any CPU = Debug|Any CPU
		Release|Any CPU = Release|Any CPU
	EndGlobalSection
	GlobalSection(ProjectConfigurationPlatforms) = postSolution
		{DD596FF2-BDAB-42EE-9622-1EDE6CAAD7AA}.Debug|Any CPU.ActiveCfg = Debug|Any CPU
		{DD596FF2-BDAB-42EE-9622-1EDE6CAAD7AA}.Debug|Any CPU.Build.0 = Debug|Any CPU
		{DD596FF2-BDAB-42EE-9622-1EDE6CAAD7AA}.Release|Any CPU.ActiveCfg = Release|Any CPU
		{DD596FF2-BDAB-42EE-9622-1EDE6CAAD7AA}.Release|Any CPU.Build.0 = Release|Any CPU
		{799227D0-E36D-4C6F-9CB9-91E4A0AFE7F8}.Debug|Any CPU.ActiveCfg = Debug|Any CPU
		{799227D0-E36D-4C6F-9CB9-91E4A0AFE7F8}.Debug|Any CPU.Build.0 = Debug|Any CPU
		{799227D0-E36D-4C6F-9CB9-91E4A0AFE7F8}.Release|Any CPU.ActiveCfg = Release|Any CPU
		{799227D0-E36D-4C6F-9CB9-91E4A0AFE7F8}.Release|Any CPU.Build.0 = Release|Any CPU
	EndGlobalSection
	GlobalSection(SolutionProperties) = preSolution
		HideSolutionNode = FALSE
	EndGlobalSection
	GlobalSection(ExtensibilityGlobals) = postSolution
		SolutionGuid = {3D2CDFA3-41AC-47F0-B2E9-20C39FFA5BD6}
	EndGlobalSection
EndGlobal
