
Microsoft Visual Studio Solution File, Format Version 12.00
# Visual Studio Version 16
VisualStudioVersion = 16.0.31019.35
MinimumVisualStudioVersion = 10.0.40219.1
Project("{9A19103F-16F7-4668-BE54-9A1E7A4F7556}") = "BotanicaStoreBack", "BotanicaStoreBack\BotanicaStoreBack.csproj", "{DD596FF2-BDAB-42EE-9622-1EDE6CAAD7AA}"
EndProject
Project("{00D1A9C2-B5F0-4AF3-8072-F6C62B433612}") = "BotanicaStoreBack.Db", "BotanicaStoreBack.Db\BotanicaStoreBack.Db.sqlproj", "{34592BD7-0385-4A5C-8F96-094E20C4CA6D}"
EndProject
Project("{FAE04EC0-301F-11D3-BF4B-00C04F79EFBC}") = "BotanicaStoreBack.Runner", "BotanicaStoreBack.Runner\BotanicaStoreBack.Runner.csproj", "{A8899A95-2143-4277-A019-B0D70E71B8F5}"
EndProject
Global
	GlobalSection(SolutionConfigurationPlatforms) = preSolution
		Debug|Any CPU = Debug|Any CPU
		Release|Any CPU = Release|Any CPU
	EndGlobalSection
	GlobalSection(ProjectConfigurationPlatforms) = postSolution
		{DD596FF2-BDAB-42EE-9622-1EDE6CAAD7AA}.Debug|Any CPU.ActiveCfg = Debug|Any CPU
		{DD596FF2-BDAB-42EE-9622-1EDE6CAAD7AA}.Debug|Any CPU.Build.0 = Debug|Any CPU
		{DD596FF2-BDAB-42EE-9622-1EDE6CAAD7AA}.Release|Any CPU.ActiveCfg = Release|Any CPU
		{DD596FF2-BDAB-42EE-9622-1EDE6CAAD7AA}.Release|Any CPU.Build.0 = Release|Any CPU
		{34592BD7-0385-4A5C-8F96-094E20C4CA6D}.Debug|Any CPU.ActiveCfg = Debug|Any CPU
		{34592BD7-0385-4A5C-8F96-094E20C4CA6D}.Debug|Any CPU.Build.0 = Debug|Any CPU
		{34592BD7-0385-4A5C-8F96-094E20C4CA6D}.Debug|Any CPU.Deploy.0 = Debug|Any CPU
		{34592BD7-0385-4A5C-8F96-094E20C4CA6D}.Release|Any CPU.ActiveCfg = Release|Any CPU
		{34592BD7-0385-4A5C-8F96-094E20C4CA6D}.Release|Any CPU.Build.0 = Release|Any CPU
		{34592BD7-0385-4A5C-8F96-094E20C4CA6D}.Release|Any CPU.Deploy.0 = Release|Any CPU
		{A8899A95-2143-4277-A019-B0D70E71B8F5}.Debug|Any CPU.ActiveCfg = Debug|Any CPU
		{A8899A95-2143-4277-A019-B0D70E71B8F5}.Debug|Any CPU.Build.0 = Debug|Any CPU
		{A8899A95-2143-4277-A019-B0D70E71B8F5}.Release|Any CPU.ActiveCfg = Release|Any CPU
		{A8899A95-2143-4277-A019-B0D70E71B8F5}.Release|Any CPU.Build.0 = Release|Any CPU
	EndGlobalSection
	GlobalSection(SolutionProperties) = preSolution
		HideSolutionNode = FALSE
	EndGlobalSection
	GlobalSection(ExtensibilityGlobals) = postSolution
		SolutionGuid = {3D2CDFA3-41AC-47F0-B2E9-20C39FFA5BD6}
	EndGlobalSection
EndGlobal
